
Microsoft Visual Studio Solution File, Format Version 12.00
# Visual Studio Version 17
VisualStudioVersion = 17.5.33424.131
MinimumVisualStudioVersion = 10.0.40219.1
Project("{8BC9CEB8-8B4A-11D0-8D11-00A0C91BC942}") = "calculatorlab5", "calculatorlab5\calculatorlab5.vcxproj", "{7848AF22-7C78-47D1-A76B-8B44875B00EF}"
EndProject
Global
	GlobalSection(SolutionConfigurationPlatforms) = preSolution
		Debug|x64 = Debug|x64
		Debug|x86 = Debug|x86
		Release|x64 = Release|x64
		Release|x86 = Release|x86
	EndGlobalSection
	GlobalSection(ProjectConfigurationPlatforms) = postSolution
		{7848AF22-7C78-47D1-A76B-8B44875B00EF}.Debug|x64.ActiveCfg = Debug|x64
		{7848AF22-7C78-47D1-A76B-8B44875B00EF}.Debug|x64.Build.0 = Debug|x64
		{7848AF22-7C78-47D1-A76B-8B44875B00EF}.Debug|x86.ActiveCfg = Debug|Win32
		{7848AF22-7C78-47D1-A76B-8B44875B00EF}.Debug|x86.Build.0 = Debug|Win32
		{7848AF22-7C78-47D1-A76B-8B44875B00EF}.Release|x64.ActiveCfg = Release|x64
		{7848AF22-7C78-47D1-A76B-8B44875B00EF}.Release|x64.Build.0 = Release|x64
		{7848AF22-7C78-47D1-A76B-8B44875B00EF}.Release|x86.ActiveCfg = Release|Win32
		{7848AF22-7C78-47D1-A76B-8B44875B00EF}.Release|x86.Build.0 = Release|Win32
	EndGlobalSection
	GlobalSection(SolutionProperties) = preSolution
		HideSolutionNode = FALSE
	EndGlobalSection
	GlobalSection(ExtensibilityGlobals) = postSolution
		SolutionGuid = {AECD2E83-4A2D-4321-9581-1809D7D2942F}
	EndGlobalSection
EndGlobal
